
Microsoft Visual Studio Solution File, Format Version 12.00
# Visual Studio Version 17
VisualStudioVersion = 17.10.34928.147
MinimumVisualStudioVersion = 10.0.40219.1
Project("{FAE04EC0-301F-11D3-BF4B-00C04F79EFBC}") = "QueteRazor", "QueteRazor.csproj", "{7150D5FD-2D8A-489E-8FE0-41D70DD9CC64}"
EndProject
Global
	GlobalSection(SolutionConfigurationPlatforms) = preSolution
		Debug|Any CPU = Debug|Any CPU
		Release|Any CPU = Release|Any CPU
	EndGlobalSection
	GlobalSection(ProjectConfigurationPlatforms) = postSolution
		{7150D5FD-2D8A-489E-8FE0-41D70DD9CC64}.Debug|Any CPU.ActiveCfg = Debug|Any CPU
		{7150D5FD-2D8A-489E-8FE0-41D70DD9CC64}.Debug|Any CPU.Build.0 = Debug|Any CPU
		{7150D5FD-2D8A-489E-8FE0-41D70DD9CC64}.Release|Any CPU.ActiveCfg = Release|Any CPU
		{7150D5FD-2D8A-489E-8FE0-41D70DD9CC64}.Release|Any CPU.Build.0 = Release|Any CPU
	EndGlobalSection
	GlobalSection(SolutionProperties) = preSolution
		HideSolutionNode = FALSE
	EndGlobalSection
	GlobalSection(ExtensibilityGlobals) = postSolution
		SolutionGuid = {9B742386-77C2-453C-A470-356E00F4CB9D}
	EndGlobalSection
EndGlobal
